
Microsoft Visual Studio Solution File, Format Version 12.00
# Visual Studio Version 17
VisualStudioVersion = 17.9.34728.123
MinimumVisualStudioVersion = 10.0.40219.1
Project("{FAE04EC0-301F-11D3-BF4B-00C04F79EFBC}") = "Coding_Tracker", "Coding_Tracker\Coding_Tracker.csproj", "{17A02600-3974-4CB6-BC54-359956E05A86}"
EndProject
Global
	GlobalSection(SolutionConfigurationPlatforms) = preSolution
		Debug|Any CPU = Debug|Any CPU
		Release|Any CPU = Release|Any CPU
	EndGlobalSection
	GlobalSection(ProjectConfigurationPlatforms) = postSolution
		{17A02600-3974-4CB6-BC54-359956E05A86}.Debug|Any CPU.ActiveCfg = Debug|Any CPU
		{17A02600-3974-4CB6-BC54-359956E05A86}.Debug|Any CPU.Build.0 = Debug|Any CPU
		{17A02600-3974-4CB6-BC54-359956E05A86}.Release|Any CPU.ActiveCfg = Release|Any CPU
		{17A02600-3974-4CB6-BC54-359956E05A86}.Release|Any CPU.Build.0 = Release|Any CPU
	EndGlobalSection
	GlobalSection(SolutionProperties) = preSolution
		HideSolutionNode = FALSE
	EndGlobalSection
	GlobalSection(ExtensibilityGlobals) = postSolution
		SolutionGuid = {0967FE03-7DE6-4225-A04F-297578C7EC11}
	EndGlobalSection
EndGlobal
